
Microsoft Visual Studio Solution File, Format Version 12.00
# Visual Studio Version 17
VisualStudioVersion = 17.0.32014.148
MinimumVisualStudioVersion = 10.0.40219.1
Project("{FAE04EC0-301F-11D3-BF4B-00C04F79EFBC}") = "MoodAnalyser", "MoodAnalyser\MoodAnalyser.csproj", "{ED675805-6AAD-45BF-A38A-BD4AA26F1073}"
EndProject
Project("{FAE04EC0-301F-11D3-BF4B-00C04F79EFBC}") = "MoodAnalyserTest", "MoodAnalyserTest\MoodAnalyserTest.csproj", "{824FA198-F0D1-4CFE-ABB1-165783E8A9FA}"
EndProject
Global
	GlobalSection(SolutionConfigurationPlatforms) = preSolution
		Debug|Any CPU = Debug|Any CPU
		Release|Any CPU = Release|Any CPU
	EndGlobalSection
	GlobalSection(ProjectConfigurationPlatforms) = postSolution
		{ED675805-6AAD-45BF-A38A-BD4AA26F1073}.Debug|Any CPU.ActiveCfg = Debug|Any CPU
		{ED675805-6AAD-45BF-A38A-BD4AA26F1073}.Debug|Any CPU.Build.0 = Debug|Any CPU
		{ED675805-6AAD-45BF-A38A-BD4AA26F1073}.Release|Any CPU.ActiveCfg = Release|Any CPU
		{ED675805-6AAD-45BF-A38A-BD4AA26F1073}.Release|Any CPU.Build.0 = Release|Any CPU
		{824FA198-F0D1-4CFE-ABB1-165783E8A9FA}.Debug|Any CPU.ActiveCfg = Debug|Any CPU
		{824FA198-F0D1-4CFE-ABB1-165783E8A9FA}.Debug|Any CPU.Build.0 = Debug|Any CPU
		{824FA198-F0D1-4CFE-ABB1-165783E8A9FA}.Release|Any CPU.ActiveCfg = Release|Any CPU
		{824FA198-F0D1-4CFE-ABB1-165783E8A9FA}.Release|Any CPU.Build.0 = Release|Any CPU
	EndGlobalSection
	GlobalSection(SolutionProperties) = preSolution
		HideSolutionNode = FALSE
	EndGlobalSection
	GlobalSection(ExtensibilityGlobals) = postSolution
		SolutionGuid = {8DE9A214-4790-4DC6-AEBA-C618DC7E5466}
	EndGlobalSection
EndGlobal
